
Microsoft Visual Studio Solution File, Format Version 12.00
# Visual Studio Version 16
VisualStudioVersion = 16.0.31129.286
MinimumVisualStudioVersion = 10.0.40219.1
Project("{FAE04EC0-301F-11D3-BF4B-00C04F79EFBC}") = "webapi", "webapi.csproj", "{EE92C1DA-6B38-410C-B905-02645B3053C5}"
EndProject
Global
	GlobalSection(SolutionConfigurationPlatforms) = preSolution
		Debug|Any CPU = Debug|Any CPU
		Release|Any CPU = Release|Any CPU
	EndGlobalSection
	GlobalSection(ProjectConfigurationPlatforms) = postSolution
		{EE92C1DA-6B38-410C-B905-02645B3053C5}.Debug|Any CPU.ActiveCfg = Debug|Any CPU
		{EE92C1DA-6B38-410C-B905-02645B3053C5}.Debug|Any CPU.Build.0 = Debug|Any CPU
		{EE92C1DA-6B38-410C-B905-02645B3053C5}.Release|Any CPU.ActiveCfg = Release|Any CPU
		{EE92C1DA-6B38-410C-B905-02645B3053C5}.Release|Any CPU.Build.0 = Release|Any CPU
	EndGlobalSection
	GlobalSection(SolutionProperties) = preSolution
		HideSolutionNode = FALSE
	EndGlobalSection
	GlobalSection(ExtensibilityGlobals) = postSolution
		SolutionGuid = {CFBEAA8C-253B-4156-B033-B1F2AF4DDCA3}
	EndGlobalSection
EndGlobal
